lockfileVersion: '9.0'

settings:
  autoInstallPeers: true
  excludeLinksFromLockfile: false

importers:

  .: {}

  apps/web-app:
    dependencies:
      react:
        specifier: ^19.2.4
        version: 19.2.4

  packages/rn-package:
    dependencies:
      '@rn-primitives/slot':
        specifier: ^1.4.0
        version: 1.4.0(react@19.2.0)
      react:
        specifier: 19.2.0
        version: 19.2.0

packages:

  '@rn-primitives/slot@1.4.0':
    resolution: {integrity: sha512-p8qIYH44HgXDbsxPFIbRS/IrKWOqb2/JDT8ivFAfhL8QSW0gtVZZo8I/wFip1vV9vRl8D3zMHUBB/PrzrN0Qww==}
    peerDependencies:
      react: '*'
      react-native: '*'
      react-native-web: '*'
    peerDependenciesMeta:
      react-native:
        optional: true
      react-native-web:
        optional: true

  react@19.2.0:
    resolution: {integrity: sha512-tmbWg6W31tQLeB5cdIBOicJDJRR2KzXsV7uSK9iNfLWQ5bIZfxuPEHp7M8wiHyHnn0DD1i7w3Zmin0FtkrwoCQ==}
    engines: {node: '>=0.10.0'}

  react@19.2.4:
    resolution: {integrity: sha512-9nfp2hYpCwOjAN+8TZFGhtWEwgvWHXqESH8qT89AT/lWklpLON22Lc8pEtnpsZz7VmawabSU0gCjnj8aC0euHQ==}
    engines: {node: '>=0.10.0'}

snapshots:

  '@rn-primitives/slot@1.4.0(react@19.2.0)':
    dependencies:
      react: 19.2.0

  react@19.2.0: {}

  react@19.2.4: {}
